
Microsoft Visual Studio Solution File, Format Version 12.00
# Visual Studio Version 17
VisualStudioVersion = 17.9.34616.47
MinimumVisualStudioVersion = 10.0.40219.1
Project("{8BC9CEB8-8B4A-11D0-8D11-00A0C91BC942}") = "ParadigmaOOP1_0144", "ParadigmaOOP1_0144\ParadigmaOOP1_0144.vcxproj", "{C1E1C27A-5C85-490A-9E2D-4E1FF2663214}"
EndProject
Project("{8BC9CEB8-8B4A-11D0-8D11-00A0C91BC942}") = "Paradigma1", "Paradigma1\Paradigma1.vcxproj", "{2F4441BC-BAF3-4E2B-BA28-29F9D5021547}"
EndProject
Project("{8BC9CEB8-8B4A-11D0-8D11-00A0C91BC942}") = "Agregasi", "Agregasi\Agregasi.vcxproj", "{C2610DC3-B4C4-4569-90FA-AA0798BE9223}"
EndProject
Global
	GlobalSection(SolutionConfigurationPlatforms) = preSolution
		Debug|x64 = Debug|x64
		Debug|x86 = Debug|x86
		Release|x64 = Release|x64
		Release|x86 = Release|x86
	EndGlobalSection
	GlobalSection(ProjectConfigurationPlatforms) = postSolution
		{C1E1C27A-5C85-490A-9E2D-4E1FF2663214}.Debug|x64.ActiveCfg = Debug|x64
		{C1E1C27A-5C85-490A-9E2D-4E1FF2663214}.Debug|x64.Build.0 = Debug|x64
		{C1E1C27A-5C85-490A-9E2D-4E1FF2663214}.Debug|x86.ActiveCfg = Debug|Win32
		{C1E1C27A-5C85-490A-9E2D-4E1FF2663214}.Debug|x86.Build.0 = Debug|Win32
		{C1E1C27A-5C85-490A-9E2D-4E1FF2663214}.Release|x64.ActiveCfg = Release|x64
		{C1E1C27A-5C85-490A-9E2D-4E1FF2663214}.Release|x64.Build.0 = Release|x64
		{C1E1C27A-5C85-490A-9E2D-4E1FF2663214}.Release|x86.ActiveCfg = Release|Win32
		{C1E1C27A-5C85-490A-9E2D-4E1FF2663214}.Release|x86.Build.0 = Release|Win32
		{2F4441BC-BAF3-4E2B-BA28-29F9D5021547}.Debug|x64.ActiveCfg = Debug|x64
		{2F4441BC-BAF3-4E2B-BA28-29F9D5021547}.Debug|x64.Build.0 = Debug|x64
		{2F4441BC-BAF3-4E2B-BA28-29F9D5021547}.Debug|x86.ActiveCfg = Debug|Win32
		{2F4441BC-BAF3-4E2B-BA28-29F9D5021547}.Debug|x86.Build.0 = Debug|Win32
		{2F4441BC-BAF3-4E2B-BA28-29F9D5021547}.Release|x64.ActiveCfg = Release|x64
		{2F4441BC-BAF3-4E2B-BA28-29F9D5021547}.Release|x64.Build.0 = Release|x64
		{2F4441BC-BAF3-4E2B-BA28-29F9D5021547}.Release|x86.ActiveCfg = Release|Win32
		{2F4441BC-BAF3-4E2B-BA28-29F9D5021547}.Release|x86.Build.0 = Release|Win32
		{C2610DC3-B4C4-4569-90FA-AA0798BE9223}.Debug|x64.ActiveCfg = Debug|x64
		{C2610DC3-B4C4-4569-90FA-AA0798BE9223}.Debug|x64.Build.0 = Debug|x64
		{C2610DC3-B4C4-4569-90FA-AA0798BE9223}.Debug|x86.ActiveCfg = Debug|Win32
		{C2610DC3-B4C4-4569-90FA-AA0798BE9223}.Debug|x86.Build.0 = Debug|Win32
		{C2610DC3-B4C4-4569-90FA-AA0798BE9223}.Release|x64.ActiveCfg = Release|x64
		{C2610DC3-B4C4-4569-90FA-AA0798BE9223}.Release|x64.Build.0 = Release|x64
		{C2610DC3-B4C4-4569-90FA-AA0798BE9223}.Release|x86.ActiveCfg = Release|Win32
		{C2610DC3-B4C4-4569-90FA-AA0798BE9223}.Release|x86.Build.0 = Release|Win32
	EndGlobalSection
	GlobalSection(SolutionProperties) = preSolution
		HideSolutionNode = FALSE
	EndGlobalSection
	GlobalSection(ExtensibilityGlobals) = postSolution
		SolutionGuid = {116C0E42-5273-44DD-A7D3-A1D0560EAB08}
	EndGlobalSection
EndGlobal
